
Microsoft Visual Studio Solution File, Format Version 12.00
# Visual Studio 14
VisualStudioVersion = 14.0.24720.0
MinimumVisualStudioVersion = 10.0.40219.1
Project("{FAE04EC0-301F-11D3-BF4B-00C04F79EFBC}") = "Ecard2013", "Ecard2013\Ecard2013.csproj", "{5A7C85CF-B0E6-4AC2-A276-1C8A8C58CFF0}"
EndProject
Project("{E24C65DC-7377-472B-9ABA-BC803B73C61A}") = "EcardService", "EcardService\", "{F3BB3BA9-44CE-4953-A34B-B0A578F0EC67}"
	ProjectSection(WebsiteProperties) = preProject
		TargetFrameworkMoniker = ".NETFramework,Version%3Dv4.0"
		Debug.AspNetCompiler.VirtualPath = "/EcardService"
		Debug.AspNetCompiler.PhysicalPath = "EcardService\"
		Debug.AspNetCompiler.TargetPath = "PrecompiledWeb\EcardService\"
		Debug.AspNetCompiler.Updateable = "true"
		Debug.AspNetCompiler.ForceOverwrite = "true"
		Debug.AspNetCompiler.FixedNames = "false"
		Debug.AspNetCompiler.Debug = "True"
		Release.AspNetCompiler.VirtualPath = "/EcardService"
		Release.AspNetCompiler.PhysicalPath = "EcardService\"
		Release.AspNetCompiler.TargetPath = "PrecompiledWeb\EcardService\"
		Release.AspNetCompiler.Updateable = "true"
		Release.AspNetCompiler.ForceOverwrite = "true"
		Release.AspNetCompiler.FixedNames = "false"
		Release.AspNetCompiler.Debug = "False"
		VWDPort = "2086"
		SlnRelativePath = "EcardService\"
		DefaultWebSiteLanguage = "Visual C#"
	EndProjectSection
EndProject
Project("{E24C65DC-7377-472B-9ABA-BC803B73C61A}") = "Ecard", "Ecard\", "{7860E3AB-4951-4A79-B3FA-0CCD8CB887DA}"
	ProjectSection(WebsiteProperties) = preProject
		TargetFrameworkMoniker = ".NETFramework,Version%3Dv4.0"
		Debug.AspNetCompiler.VirtualPath = "/Ecard"
		Debug.AspNetCompiler.PhysicalPath = "Ecard\"
		Debug.AspNetCompiler.TargetPath = "PrecompiledWeb\Ecard\"
		Debug.AspNetCompiler.Updateable = "true"
		Debug.AspNetCompiler.ForceOverwrite = "true"
		Debug.AspNetCompiler.FixedNames = "false"
		Debug.AspNetCompiler.Debug = "True"
		Release.AspNetCompiler.VirtualPath = "/Ecard"
		Release.AspNetCompiler.PhysicalPath = "Ecard\"
		Release.AspNetCompiler.TargetPath = "PrecompiledWeb\Ecard\"
		Release.AspNetCompiler.Updateable = "true"
		Release.AspNetCompiler.ForceOverwrite = "true"
		Release.AspNetCompiler.FixedNames = "false"
		Release.AspNetCompiler.Debug = "False"
		VWDPort = "14723"
		SlnRelativePath = "Ecard\"
		DefaultWebSiteLanguage = "Visual C#"
	EndProjectSection
EndProject
Project("{FAE04EC0-301F-11D3-BF4B-00C04F79EFBC}") = "EcardMonitor", "EcardMonitor\EcardMonitor.csproj", "{8705791D-7EE8-4524-8747-0F130F8BD6F7}"
EndProject
Project("{FAE04EC0-301F-11D3-BF4B-00C04F79EFBC}") = "EcardFuli", "buka\EcardFuli.csproj", "{940AAF3B-E0D7-4F77-A035-531728F01FBB}"
EndProject
Project("{FAE04EC0-301F-11D3-BF4B-00C04F79EFBC}") = "EcardTest", "EcardTest\EcardTest.csproj", "{BFFB2C2F-3AB7-4572-B2AD-2E24B534F917}"
EndProject
Global
	GlobalSection(SolutionConfigurationPlatforms) = preSolution
		Debug|.NET = Debug|.NET
		Debug|Any CPU = Debug|Any CPU
		Debug|Mixed Platforms = Debug|Mixed Platforms
		Debug|x64 = Debug|x64
		Debug|x86 = Debug|x86
		Release|.NET = Release|.NET
		Release|Any CPU = Release|Any CPU
		Release|Mixed Platforms = Release|Mixed Platforms
		Release|x64 = Release|x64
		Release|x86 = Release|x86
	EndGlobalSection
	GlobalSection(ProjectConfigurationPlatforms) = postSolution
		{5A7C85CF-B0E6-4AC2-A276-1C8A8C58CFF0}.Debug|.NET.ActiveCfg = Debug|Any CPU
		{5A7C85CF-B0E6-4AC2-A276-1C8A8C58CFF0}.Debug|Any CPU.ActiveCfg = Debug|x86
		{5A7C85CF-B0E6-4AC2-A276-1C8A8C58CFF0}.Debug|Any CPU.Build.0 = Debug|x86
		{5A7C85CF-B0E6-4AC2-A276-1C8A8C58CFF0}.Debug|Mixed Platforms.ActiveCfg = Debug|Any CPU
		{5A7C85CF-B0E6-4AC2-A276-1C8A8C58CFF0}.Debug|Mixed Platforms.Build.0 = Debug|Any CPU
		{5A7C85CF-B0E6-4AC2-A276-1C8A8C58CFF0}.Debug|x64.ActiveCfg = Debug|x64
		{5A7C85CF-B0E6-4AC2-A276-1C8A8C58CFF0}.Debug|x64.Build.0 = Debug|x64
		{5A7C85CF-B0E6-4AC2-A276-1C8A8C58CFF0}.Debug|x86.ActiveCfg = Debug|x86
		{5A7C85CF-B0E6-4AC2-A276-1C8A8C58CFF0}.Debug|x86.Build.0 = Debug|x86
		{5A7C85CF-B0E6-4AC2-A276-1C8A8C58CFF0}.Release|.NET.ActiveCfg = Release|Any CPU
		{5A7C85CF-B0E6-4AC2-A276-1C8A8C58CFF0}.Release|Any CPU.ActiveCfg = Release|Any CPU
		{5A7C85CF-B0E6-4AC2-A276-1C8A8C58CFF0}.Release|Any CPU.Build.0 = Release|Any CPU
		{5A7C85CF-B0E6-4AC2-A276-1C8A8C58CFF0}.Release|Mixed Platforms.ActiveCfg = Release|Any CPU
		{5A7C85CF-B0E6-4AC2-A276-1C8A8C58CFF0}.Release|Mixed Platforms.Build.0 = Release|Any CPU
		{5A7C85CF-B0E6-4AC2-A276-1C8A8C58CFF0}.Release|x64.ActiveCfg = Release|x64
		{5A7C85CF-B0E6-4AC2-A276-1C8A8C58CFF0}.Release|x64.Build.0 = Release|x64
		{5A7C85CF-B0E6-4AC2-A276-1C8A8C58CFF0}.Release|x86.ActiveCfg = Release|x86
		{5A7C85CF-B0E6-4AC2-A276-1C8A8C58CFF0}.Release|x86.Build.0 = Release|x86
		{F3BB3BA9-44CE-4953-A34B-B0A578F0EC67}.Debug|.NET.ActiveCfg = Debug|Any CPU
		{F3BB3BA9-44CE-4953-A34B-B0A578F0EC67}.Debug|.NET.Build.0 = Debug|Any CPU
		{F3BB3BA9-44CE-4953-A34B-B0A578F0EC67}.Debug|Any CPU.ActiveCfg = Debug|Any CPU
		{F3BB3BA9-44CE-4953-A34B-B0A578F0EC67}.Debug|Any CPU.Build.0 = Debug|Any CPU
		{F3BB3BA9-44CE-4953-A34B-B0A578F0EC67}.Debug|Mixed Platforms.ActiveCfg = Debug|Any CPU
		{F3BB3BA9-44CE-4953-A34B-B0A578F0EC67}.Debug|Mixed Platforms.Build.0 = Debug|Any CPU
		{F3BB3BA9-44CE-4953-A34B-B0A578F0EC67}.Debug|x64.ActiveCfg = Debug|Any CPU
		{F3BB3BA9-44CE-4953-A34B-B0A578F0EC67}.Debug|x64.Build.0 = Debug|Any CPU
		{F3BB3BA9-44CE-4953-A34B-B0A578F0EC67}.Debug|x86.ActiveCfg = Debug|Any CPU
		{F3BB3BA9-44CE-4953-A34B-B0A578F0EC67}.Debug|x86.Build.0 = Debug|Any CPU
		{F3BB3BA9-44CE-4953-A34B-B0A578F0EC67}.Release|.NET.ActiveCfg = Debug|Any CPU
		{F3BB3BA9-44CE-4953-A34B-B0A578F0EC67}.Release|.NET.Build.0 = Debug|Any CPU
		{F3BB3BA9-44CE-4953-A34B-B0A578F0EC67}.Release|Any CPU.ActiveCfg = Debug|Any CPU
		{F3BB3BA9-44CE-4953-A34B-B0A578F0EC67}.Release|Any CPU.Build.0 = Debug|Any CPU
		{F3BB3BA9-44CE-4953-A34B-B0A578F0EC67}.Release|Mixed Platforms.ActiveCfg = Debug|Any CPU
		{F3BB3BA9-44CE-4953-A34B-B0A578F0EC67}.Release|Mixed Platforms.Build.0 = Debug|Any CPU
		{F3BB3BA9-44CE-4953-A34B-B0A578F0EC67}.Release|x64.ActiveCfg = Debug|Any CPU
		{F3BB3BA9-44CE-4953-A34B-B0A578F0EC67}.Release|x64.Build.0 = Debug|Any CPU
		{F3BB3BA9-44CE-4953-A34B-B0A578F0EC67}.Release|x86.ActiveCfg = Debug|Any CPU
		{F3BB3BA9-44CE-4953-A34B-B0A578F0EC67}.Release|x86.Build.0 = Debug|Any CPU
		{7860E3AB-4951-4A79-B3FA-0CCD8CB887DA}.Debug|.NET.ActiveCfg = Debug|Any CPU
		{7860E3AB-4951-4A79-B3FA-0CCD8CB887DA}.Debug|.NET.Build.0 = Debug|Any CPU
		{7860E3AB-4951-4A79-B3FA-0CCD8CB887DA}.Debug|Any CPU.ActiveCfg = Debug|Any CPU
		{7860E3AB-4951-4A79-B3FA-0CCD8CB887DA}.Debug|Any CPU.Build.0 = Debug|Any CPU
		{7860E3AB-4951-4A79-B3FA-0CCD8CB887DA}.Debug|Mixed Platforms.ActiveCfg = Debug|Any CPU
		{7860E3AB-4951-4A79-B3FA-0CCD8CB887DA}.Debug|Mixed Platforms.Build.0 = Debug|Any CPU
		{7860E3AB-4951-4A79-B3FA-0CCD8CB887DA}.Debug|x64.ActiveCfg = Debug|Any CPU
		{7860E3AB-4951-4A79-B3FA-0CCD8CB887DA}.Debug|x64.Build.0 = Debug|Any CPU
		{7860E3AB-4951-4A79-B3FA-0CCD8CB887DA}.Debug|x86.ActiveCfg = Debug|Any CPU
		{7860E3AB-4951-4A79-B3FA-0CCD8CB887DA}.Debug|x86.Build.0 = Debug|Any CPU
		{7860E3AB-4951-4A79-B3FA-0CCD8CB887DA}.Release|.NET.ActiveCfg = Debug|Any CPU
		{7860E3AB-4951-4A79-B3FA-0CCD8CB887DA}.Release|.NET.Build.0 = Debug|Any CPU
		{7860E3AB-4951-4A79-B3FA-0CCD8CB887DA}.Release|Any CPU.ActiveCfg = Debug|Any CPU
		{7860E3AB-4951-4A79-B3FA-0CCD8CB887DA}.Release|Any CPU.Build.0 = Debug|Any CPU
		{7860E3AB-4951-4A79-B3FA-0CCD8CB887DA}.Release|Mixed Platforms.ActiveCfg = Debug|Any CPU
		{7860E3AB-4951-4A79-B3FA-0CCD8CB887DA}.Release|Mixed Platforms.Build.0 = Debug|Any CPU
		{7860E3AB-4951-4A79-B3FA-0CCD8CB887DA}.Release|x64.ActiveCfg = Debug|Any CPU
		{7860E3AB-4951-4A79-B3FA-0CCD8CB887DA}.Release|x64.Build.0 = Debug|Any CPU
		{7860E3AB-4951-4A79-B3FA-0CCD8CB887DA}.Release|x86.ActiveCfg = Debug|Any CPU
		{7860E3AB-4951-4A79-B3FA-0CCD8CB887DA}.Release|x86.Build.0 = Debug|Any CPU
		{8705791D-7EE8-4524-8747-0F130F8BD6F7}.Debug|.NET.ActiveCfg = Debug|Any CPU
		{8705791D-7EE8-4524-8747-0F130F8BD6F7}.Debug|Any CPU.ActiveCfg = Debug|Any CPU
		{8705791D-7EE8-4524-8747-0F130F8BD6F7}.Debug|Any CPU.Build.0 = Debug|Any CPU
		{8705791D-7EE8-4524-8747-0F130F8BD6F7}.Debug|Mixed Platforms.ActiveCfg = Debug|Any CPU
		{8705791D-7EE8-4524-8747-0F130F8BD6F7}.Debug|Mixed Platforms.Build.0 = Debug|Any CPU
		{8705791D-7EE8-4524-8747-0F130F8BD6F7}.Debug|x64.ActiveCfg = Debug|Any CPU
		{8705791D-7EE8-4524-8747-0F130F8BD6F7}.Debug|x86.ActiveCfg = Debug|Any CPU
		{8705791D-7EE8-4524-8747-0F130F8BD6F7}.Release|.NET.ActiveCfg = Release|Any CPU
		{8705791D-7EE8-4524-8747-0F130F8BD6F7}.Release|Any CPU.ActiveCfg = Release|Any CPU
		{8705791D-7EE8-4524-8747-0F130F8BD6F7}.Release|Any CPU.Build.0 = Release|Any CPU
		{8705791D-7EE8-4524-8747-0F130F8BD6F7}.Release|Mixed Platforms.ActiveCfg = Release|Any CPU
		{8705791D-7EE8-4524-8747-0F130F8BD6F7}.Release|Mixed Platforms.Build.0 = Release|Any CPU
		{8705791D-7EE8-4524-8747-0F130F8BD6F7}.Release|x64.ActiveCfg = Release|Any CPU
		{8705791D-7EE8-4524-8747-0F130F8BD6F7}.Release|x86.ActiveCfg = Release|Any CPU
		{940AAF3B-E0D7-4F77-A035-531728F01FBB}.Debug|.NET.ActiveCfg = Debug|x86
		{940AAF3B-E0D7-4F77-A035-531728F01FBB}.Debug|Any CPU.ActiveCfg = Debug|Any CPU
		{940AAF3B-E0D7-4F77-A035-531728F01FBB}.Debug|Any CPU.Build.0 = Debug|Any CPU
		{940AAF3B-E0D7-4F77-A035-531728F01FBB}.Debug|Mixed Platforms.ActiveCfg = Debug|x86
		{940AAF3B-E0D7-4F77-A035-531728F01FBB}.Debug|Mixed Platforms.Build.0 = Debug|x86
		{940AAF3B-E0D7-4F77-A035-531728F01FBB}.Debug|x64.ActiveCfg = Debug|x86
		{940AAF3B-E0D7-4F77-A035-531728F01FBB}.Debug|x86.ActiveCfg = Debug|x86
		{940AAF3B-E0D7-4F77-A035-531728F01FBB}.Debug|x86.Build.0 = Debug|x86
		{940AAF3B-E0D7-4F77-A035-531728F01FBB}.Release|.NET.ActiveCfg = Release|x86
		{940AAF3B-E0D7-4F77-A035-531728F01FBB}.Release|Any CPU.ActiveCfg = Release|Any CPU
		{940AAF3B-E0D7-4F77-A035-531728F01FBB}.Release|Any CPU.Build.0 = Release|Any CPU
		{940AAF3B-E0D7-4F77-A035-531728F01FBB}.Release|Mixed Platforms.ActiveCfg = Release|x86
		{940AAF3B-E0D7-4F77-A035-531728F01FBB}.Release|Mixed Platforms.Build.0 = Release|x86
		{940AAF3B-E0D7-4F77-A035-531728F01FBB}.Release|x64.ActiveCfg = Release|x86
		{940AAF3B-E0D7-4F77-A035-531728F01FBB}.Release|x86.ActiveCfg = Release|x86
		{940AAF3B-E0D7-4F77-A035-531728F01FBB}.Release|x86.Build.0 = Release|x86
		{BFFB2C2F-3AB7-4572-B2AD-2E24B534F917}.Debug|.NET.ActiveCfg = Debug|Any CPU
		{BFFB2C2F-3AB7-4572-B2AD-2E24B534F917}.Debug|.NET.Build.0 = Debug|Any CPU
		{BFFB2C2F-3AB7-4572-B2AD-2E24B534F917}.Debug|Any CPU.ActiveCfg = Debug|Any CPU
		{BFFB2C2F-3AB7-4572-B2AD-2E24B534F917}.Debug|Any CPU.Build.0 = Debug|Any CPU
		{BFFB2C2F-3AB7-4572-B2AD-2E24B534F917}.Debug|Mixed Platforms.ActiveCfg = Debug|Any CPU
		{BFFB2C2F-3AB7-4572-B2AD-2E24B534F917}.Debug|Mixed Platforms.Build.0 = Debug|Any CPU
		{BFFB2C2F-3AB7-4572-B2AD-2E24B534F917}.Debug|x64.ActiveCfg = Debug|Any CPU
		{BFFB2C2F-3AB7-4572-B2AD-2E24B534F917}.Debug|x64.Build.0 = Debug|Any CPU
		{BFFB2C2F-3AB7-4572-B2AD-2E24B534F917}.Debug|x86.ActiveCfg = Debug|Any CPU
		{BFFB2C2F-3AB7-4572-B2AD-2E24B534F917}.Debug|x86.Build.0 = Debug|Any CPU
		{BFFB2C2F-3AB7-4572-B2AD-2E24B534F917}.Release|.NET.ActiveCfg = Release|Any CPU
		{BFFB2C2F-3AB7-4572-B2AD-2E24B534F917}.Release|.NET.Build.0 = Release|Any CPU
		{BFFB2C2F-3AB7-4572-B2AD-2E24B534F917}.Release|Any CPU.ActiveCfg = Release|Any CPU
		{BFFB2C2F-3AB7-4572-B2AD-2E24B534F917}.Release|Any CPU.Build.0 = Release|Any CPU
		{BFFB2C2F-3AB7-4572-B2AD-2E24B534F917}.Release|Mixed Platforms.ActiveCfg = Release|Any CPU
		{BFFB2C2F-3AB7-4572-B2AD-2E24B534F917}.Release|Mixed Platforms.Build.0 = Release|Any CPU
		{BFFB2C2F-3AB7-4572-B2AD-2E24B534F917}.Release|x64.ActiveCfg = Release|Any CPU
		{BFFB2C2F-3AB7-4572-B2AD-2E24B534F917}.Release|x64.Build.0 = Release|Any CPU
		{BFFB2C2F-3AB7-4572-B2AD-2E24B534F917}.Release|x86.ActiveCfg = Release|Any CPU
		{BFFB2C2F-3AB7-4572-B2AD-2E24B534F917}.Release|x86.Build.0 = Release|Any CPU
	EndGlobalSection
	GlobalSection(SolutionProperties) = preSolution
		HideSolutionNode = FALSE
	EndGlobalSection
EndGlobal
